
Microsoft Visual Studio Solution File, Format Version 12.00
# Visual Studio Version 17
VisualStudioVersion = 17.3.32901.215
MinimumVisualStudioVersion = 10.0.40219.1
Project("{8BC9CEB8-8B4A-11D0-8D11-00A0C91BC942}") = "DataStructure_1_5763470", "DataStructure_1_5763470\DataStructure_1_5763470.vcxproj", "{9059FAF6-2B9E-4169-B4A5-9291B17FC83C}"
EndProject
Project("{8BC9CEB8-8B4A-11D0-8D11-00A0C91BC942}") = "LinkedList", "LinkedList\LinkedList.vcxproj", "{07E2CAB4-679C-4E56-97A8-6009D9D26B19}"
EndProject
Project("{8BC9CEB8-8B4A-11D0-8D11-00A0C91BC942}") = "LinearList", "LinearList\LinearList.vcxproj", "{5D8395AA-11D3-4DA2-9846-2849627ED009}"
EndProject
Project("{8BC9CEB8-8B4A-11D0-8D11-00A0C91BC942}") = "DoubleCircularLinkedList", "DoubleCircularLinkedList\DoubleCircularLinkedList.vcxproj", "{2381666B-6191-445E-9358-83E48BBBC532}"
EndProject
Project("{8BC9CEB8-8B4A-11D0-8D11-00A0C91BC942}") = "Stack", "Stack\Stack.vcxproj", "{42F0CE7B-40E4-45E2-A705-7FDFFBB81625}"
EndProject
Project("{8BC9CEB8-8B4A-11D0-8D11-00A0C91BC942}") = "Queue", "Queue\Queue.vcxproj", "{E8182AA8-91CC-4B3E-B48F-F7340F384B44}"
EndProject
Global
	GlobalSection(SolutionConfigurationPlatforms) = preSolution
		Debug|Any CPU = Debug|Any CPU
		Debug|x64 = Debug|x64
		Debug|x86 = Debug|x86
		Release|Any CPU = Release|Any CPU
		Release|x64 = Release|x64
		Release|x86 = Release|x86
	EndGlobalSection
	GlobalSection(ProjectConfigurationPlatforms) = postSolution
		{9059FAF6-2B9E-4169-B4A5-9291B17FC83C}.Debug|Any CPU.ActiveCfg = Debug|x64
		{9059FAF6-2B9E-4169-B4A5-9291B17FC83C}.Debug|Any CPU.Build.0 = Debug|x64
		{9059FAF6-2B9E-4169-B4A5-9291B17FC83C}.Debug|x64.ActiveCfg = Debug|x64
		{9059FAF6-2B9E-4169-B4A5-9291B17FC83C}.Debug|x64.Build.0 = Debug|x64
		{9059FAF6-2B9E-4169-B4A5-9291B17FC83C}.Debug|x86.ActiveCfg = Debug|Win32
		{9059FAF6-2B9E-4169-B4A5-9291B17FC83C}.Debug|x86.Build.0 = Debug|Win32
		{9059FAF6-2B9E-4169-B4A5-9291B17FC83C}.Release|Any CPU.ActiveCfg = Release|x64
		{9059FAF6-2B9E-4169-B4A5-9291B17FC83C}.Release|Any CPU.Build.0 = Release|x64
		{9059FAF6-2B9E-4169-B4A5-9291B17FC83C}.Release|x64.ActiveCfg = Release|x64
		{9059FAF6-2B9E-4169-B4A5-9291B17FC83C}.Release|x64.Build.0 = Release|x64
		{9059FAF6-2B9E-4169-B4A5-9291B17FC83C}.Release|x86.ActiveCfg = Release|Win32
		{9059FAF6-2B9E-4169-B4A5-9291B17FC83C}.Release|x86.Build.0 = Release|Win32
		{07E2CAB4-679C-4E56-97A8-6009D9D26B19}.Debug|Any CPU.ActiveCfg = Debug|x64
		{07E2CAB4-679C-4E56-97A8-6009D9D26B19}.Debug|Any CPU.Build.0 = Debug|x64
		{07E2CAB4-679C-4E56-97A8-6009D9D26B19}.Debug|x64.ActiveCfg = Debug|x64
		{07E2CAB4-679C-4E56-97A8-6009D9D26B19}.Debug|x64.Build.0 = Debug|x64
		{07E2CAB4-679C-4E56-97A8-6009D9D26B19}.Debug|x86.ActiveCfg = Debug|Win32
		{07E2CAB4-679C-4E56-97A8-6009D9D26B19}.Debug|x86.Build.0 = Debug|Win32
		{07E2CAB4-679C-4E56-97A8-6009D9D26B19}.Release|Any CPU.ActiveCfg = Release|x64
		{07E2CAB4-679C-4E56-97A8-6009D9D26B19}.Release|Any CPU.Build.0 = Release|x64
		{07E2CAB4-679C-4E56-97A8-6009D9D26B19}.Release|x64.ActiveCfg = Release|x64
		{07E2CAB4-679C-4E56-97A8-6009D9D26B19}.Release|x64.Build.0 = Release|x64
		{07E2CAB4-679C-4E56-97A8-6009D9D26B19}.Release|x86.ActiveCfg = Release|Win32
		{07E2CAB4-679C-4E56-97A8-6009D9D26B19}.Release|x86.Build.0 = Release|Win32
		{5D8395AA-11D3-4DA2-9846-2849627ED009}.Debug|Any CPU.ActiveCfg = Debug|x64
		{5D8395AA-11D3-4DA2-9846-2849627ED009}.Debug|Any CPU.Build.0 = Debug|x64
		{5D8395AA-11D3-4DA2-9846-2849627ED009}.Debug|x64.ActiveCfg = Debug|x64
		{5D8395AA-11D3-4DA2-9846-2849627ED009}.Debug|x64.Build.0 = Debug|x64
		{5D8395AA-11D3-4DA2-9846-2849627ED009}.Debug|x86.ActiveCfg = Debug|Win32
		{5D8395AA-11D3-4DA2-9846-2849627ED009}.Debug|x86.Build.0 = Debug|Win32
		{5D8395AA-11D3-4DA2-9846-2849627ED009}.Release|Any CPU.ActiveCfg = Release|x64
		{5D8395AA-11D3-4DA2-9846-2849627ED009}.Release|Any CPU.Build.0 = Release|x64
		{5D8395AA-11D3-4DA2-9846-2849627ED009}.Release|x64.ActiveCfg = Release|x64
		{5D8395AA-11D3-4DA2-9846-2849627ED009}.Release|x64.Build.0 = Release|x64
		{5D8395AA-11D3-4DA2-9846-2849627ED009}.Release|x86.ActiveCfg = Release|Win32
		{5D8395AA-11D3-4DA2-9846-2849627ED009}.Release|x86.Build.0 = Release|Win32
		{2381666B-6191-445E-9358-83E48BBBC532}.Debug|Any CPU.ActiveCfg = Debug|x64
		{2381666B-6191-445E-9358-83E48BBBC532}.Debug|Any CPU.Build.0 = Debug|x64
		{2381666B-6191-445E-9358-83E48BBBC532}.Debug|x64.ActiveCfg = Debug|x64
		{2381666B-6191-445E-9358-83E48BBBC532}.Debug|x64.Build.0 = Debug|x64
		{2381666B-6191-445E-9358-83E48BBBC532}.Debug|x86.ActiveCfg = Debug|Win32
		{2381666B-6191-445E-9358-83E48BBBC532}.Debug|x86.Build.0 = Debug|Win32
		{2381666B-6191-445E-9358-83E48BBBC532}.Release|Any CPU.ActiveCfg = Release|x64
		{2381666B-6191-445E-9358-83E48BBBC532}.Release|Any CPU.Build.0 = Release|x64
		{2381666B-6191-445E-9358-83E48BBBC532}.Release|x64.ActiveCfg = Release|x64
		{2381666B-6191-445E-9358-83E48BBBC532}.Release|x64.Build.0 = Release|x64
		{2381666B-6191-445E-9358-83E48BBBC532}.Release|x86.ActiveCfg = Release|Win32
		{2381666B-6191-445E-9358-83E48BBBC532}.Release|x86.Build.0 = Release|Win32
		{42F0CE7B-40E4-45E2-A705-7FDFFBB81625}.Debug|Any CPU.ActiveCfg = Debug|x64
		{42F0CE7B-40E4-45E2-A705-7FDFFBB81625}.Debug|Any CPU.Build.0 = Debug|x64
		{42F0CE7B-40E4-45E2-A705-7FDFFBB81625}.Debug|x64.ActiveCfg = Debug|x64
		{42F0CE7B-40E4-45E2-A705-7FDFFBB81625}.Debug|x64.Build.0 = Debug|x64
		{42F0CE7B-40E4-45E2-A705-7FDFFBB81625}.Debug|x86.ActiveCfg = Debug|Win32
		{42F0CE7B-40E4-45E2-A705-7FDFFBB81625}.Debug|x86.Build.0 = Debug|Win32
		{42F0CE7B-40E4-45E2-A705-7FDFFBB81625}.Release|Any CPU.ActiveCfg = Release|x64
		{42F0CE7B-40E4-45E2-A705-7FDFFBB81625}.Release|Any CPU.Build.0 = Release|x64
		{42F0CE7B-40E4-45E2-A705-7FDFFBB81625}.Release|x64.ActiveCfg = Release|x64
		{42F0CE7B-40E4-45E2-A705-7FDFFBB81625}.Release|x64.Build.0 = Release|x64
		{42F0CE7B-40E4-45E2-A705-7FDFFBB81625}.Release|x86.ActiveCfg = Release|Win32
		{42F0CE7B-40E4-45E2-A705-7FDFFBB81625}.Release|x86.Build.0 = Release|Win32
		{E8182AA8-91CC-4B3E-B48F-F7340F384B44}.Debug|Any CPU.ActiveCfg = Debug|x64
		{E8182AA8-91CC-4B3E-B48F-F7340F384B44}.Debug|Any CPU.Build.0 = Debug|x64
		{E8182AA8-91CC-4B3E-B48F-F7340F384B44}.Debug|x64.ActiveCfg = Debug|x64
		{E8182AA8-91CC-4B3E-B48F-F7340F384B44}.Debug|x64.Build.0 = Debug|x64
		{E8182AA8-91CC-4B3E-B48F-F7340F384B44}.Debug|x86.ActiveCfg = Debug|Win32
		{E8182AA8-91CC-4B3E-B48F-F7340F384B44}.Debug|x86.Build.0 = Debug|Win32
		{E8182AA8-91CC-4B3E-B48F-F7340F384B44}.Release|Any CPU.ActiveCfg = Release|x64
		{E8182AA8-91CC-4B3E-B48F-F7340F384B44}.Release|Any CPU.Build.0 = Release|x64
		{E8182AA8-91CC-4B3E-B48F-F7340F384B44}.Release|x64.ActiveCfg = Release|x64
		{E8182AA8-91CC-4B3E-B48F-F7340F384B44}.Release|x64.Build.0 = Release|x64
		{E8182AA8-91CC-4B3E-B48F-F7340F384B44}.Release|x86.ActiveCfg = Release|Win32
		{E8182AA8-91CC-4B3E-B48F-F7340F384B44}.Release|x86.Build.0 = Release|Win32
	EndGlobalSection
	GlobalSection(SolutionProperties) = preSolution
		HideSolutionNode = FALSE
	EndGlobalSection
	GlobalSection(ExtensibilityGlobals) = postSolution
		SolutionGuid = {779C3D28-B042-409E-ADF0-C37B8F520029}
	EndGlobalSection
EndGlobal
