
Microsoft Visual Studio Solution File, Format Version 12.00
# Visual Studio Version 17
VisualStudioVersion = 17.3.32901.215
MinimumVisualStudioVersion = 10.0.40219.1
Project("{8BC9CEB8-8B4A-11D0-8D11-00A0C91BC942}") = "DataStructure_1_5763470", "DataStructure_1_5763470\DataStructure_1_5763470.vcxproj", "{9059FAF6-2B9E-4169-B4A5-9291B17FC83C}"
EndProject
Global
	GlobalSection(SolutionConfigurationPlatforms) = preSolution
		Debug|x64 = Debug|x64
		Debug|x86 = Debug|x86
		Release|x64 = Release|x64
		Release|x86 = Release|x86
	EndGlobalSection
	GlobalSection(ProjectConfigurationPlatforms) = postSolution
		{9059FAF6-2B9E-4169-B4A5-9291B17FC83C}.Debug|x64.ActiveCfg = Debug|x64
		{9059FAF6-2B9E-4169-B4A5-9291B17FC83C}.Debug|x64.Build.0 = Debug|x64
		{9059FAF6-2B9E-4169-B4A5-9291B17FC83C}.Debug|x86.ActiveCfg = Debug|Win32
		{9059FAF6-2B9E-4169-B4A5-9291B17FC83C}.Debug|x86.Build.0 = Debug|Win32
		{9059FAF6-2B9E-4169-B4A5-9291B17FC83C}.Release|x64.ActiveCfg = Release|x64
		{9059FAF6-2B9E-4169-B4A5-9291B17FC83C}.Release|x64.Build.0 = Release|x64
		{9059FAF6-2B9E-4169-B4A5-9291B17FC83C}.Release|x86.ActiveCfg = Release|Win32
		{9059FAF6-2B9E-4169-B4A5-9291B17FC83C}.Release|x86.Build.0 = Release|Win32
	EndGlobalSection
	GlobalSection(SolutionProperties) = preSolution
		HideSolutionNode = FALSE
	EndGlobalSection
	GlobalSection(ExtensibilityGlobals) = postSolution
		SolutionGuid = {779C3D28-B042-409E-ADF0-C37B8F520029}
	EndGlobalSection
EndGlobal
